
Microsoft Visual Studio Solution File, Format Version 12.00
# Visual Studio Version 17
VisualStudioVersion = 17.5.002.0
MinimumVisualStudioVersion = 10.0.40219.1
Project("{9A19103F-16F7-4668-BE54-9A1E7A4F7556}") = "Prep1", "Prep1\Prep1.csproj", "{9CDFC725-FEFC-4204-B1BD-7422296720B3}"
EndProject
Project("{9A19103F-16F7-4668-BE54-9A1E7A4F7556}") = "Prep2", "Prep2\Prep2.csproj", "{9F8CBA5C-CD24-46AC-9AB6-06706BEBAF56}"
EndProject
Project("{9A19103F-16F7-4668-BE54-9A1E7A4F7556}") = "Prep5", "Prep5\Prep5.csproj", "{59AFF951-1086-4F6A-AD4C-91B3A3176F9F}"
EndProject
Project("{9A19103F-16F7-4668-BE54-9A1E7A4F7556}") = "Prep3", "Prep3\Prep3.csproj", "{5414F627-9575-4D51-9491-CA4E82A318E0}"
EndProject
Project("{9A19103F-16F7-4668-BE54-9A1E7A4F7556}") = "Prep4", "Prep4\Prep4.csproj", "{B79E93D4-C0BF-4395-8DBF-CAB753057EB1}"
EndProject
Global
	GlobalSection(SolutionConfigurationPlatforms) = preSolution
		Debug|Any CPU = Debug|Any CPU
		Release|Any CPU = Release|Any CPU
	EndGlobalSection
	GlobalSection(ProjectConfigurationPlatforms) = postSolution
		{9CDFC725-FEFC-4204-B1BD-7422296720B3}.Debug|Any CPU.ActiveCfg = Debug|Any CPU
		{9CDFC725-FEFC-4204-B1BD-7422296720B3}.Debug|Any CPU.Build.0 = Debug|Any CPU
		{9CDFC725-FEFC-4204-B1BD-7422296720B3}.Release|Any CPU.ActiveCfg = Release|Any CPU
		{9CDFC725-FEFC-4204-B1BD-7422296720B3}.Release|Any CPU.Build.0 = Release|Any CPU
		{9F8CBA5C-CD24-46AC-9AB6-06706BEBAF56}.Debug|Any CPU.ActiveCfg = Debug|Any CPU
		{9F8CBA5C-CD24-46AC-9AB6-06706BEBAF56}.Debug|Any CPU.Build.0 = Debug|Any CPU
		{9F8CBA5C-CD24-46AC-9AB6-06706BEBAF56}.Release|Any CPU.ActiveCfg = Release|Any CPU
		{9F8CBA5C-CD24-46AC-9AB6-06706BEBAF56}.Release|Any CPU.Build.0 = Release|Any CPU
		{59AFF951-1086-4F6A-AD4C-91B3A3176F9F}.Debug|Any CPU.ActiveCfg = Debug|Any CPU
		{59AFF951-1086-4F6A-AD4C-91B3A3176F9F}.Debug|Any CPU.Build.0 = Debug|Any CPU
		{59AFF951-1086-4F6A-AD4C-91B3A3176F9F}.Release|Any CPU.ActiveCfg = Release|Any CPU
		{59AFF951-1086-4F6A-AD4C-91B3A3176F9F}.Release|Any CPU.Build.0 = Release|Any CPU
		{5414F627-9575-4D51-9491-CA4E82A318E0}.Debug|Any CPU.ActiveCfg = Debug|Any CPU
		{5414F627-9575-4D51-9491-CA4E82A318E0}.Debug|Any CPU.Build.0 = Debug|Any CPU
		{5414F627-9575-4D51-9491-CA4E82A318E0}.Release|Any CPU.ActiveCfg = Release|Any CPU
		{5414F627-9575-4D51-9491-CA4E82A318E0}.Release|Any CPU.Build.0 = Release|Any CPU
		{B79E93D4-C0BF-4395-8DBF-CAB753057EB1}.Debug|Any CPU.ActiveCfg = Debug|Any CPU
		{B79E93D4-C0BF-4395-8DBF-CAB753057EB1}.Debug|Any CPU.Build.0 = Debug|Any CPU
		{B79E93D4-C0BF-4395-8DBF-CAB753057EB1}.Release|Any CPU.ActiveCfg = Release|Any CPU
		{B79E93D4-C0BF-4395-8DBF-CAB753057EB1}.Release|Any CPU.Build.0 = Release|Any CPU
	EndGlobalSection
	GlobalSection(SolutionProperties) = preSolution
		HideSolutionNode = FALSE
	EndGlobalSection
	GlobalSection(ExtensibilityGlobals) = postSolution
		SolutionGuid = {E6BC21B6-27D0-4618-A48D-ACD459E7F0A0}
	EndGlobalSection
EndGlobal
